
Microsoft Visual Studio Solution File, Format Version 12.00
# Visual Studio Version 16
VisualStudioVersion = 16.0.30114.105
MinimumVisualStudioVersion = 10.0.40219.1
Project("{FAE04EC0-301F-11D3-BF4B-00C04F79EFBC}") = "Server", "Server\Server.csproj", "{CAB5A404-40AC-4039-A31A-C14B74AB78E2}"
EndProject
Project("{FAE04EC0-301F-11D3-BF4B-00C04F79EFBC}") = "Client", "Client\Client.csproj", "{CC749FDE-3551-4778-84A4-19ED5E7A4F0A}"
EndProject
Global
	GlobalSection(SolutionConfigurationPlatforms) = preSolution
		Debug|Any CPU = Debug|Any CPU
		Release|Any CPU = Release|Any CPU
	EndGlobalSection
	GlobalSection(ProjectConfigurationPlatforms) = postSolution
		{CAB5A404-40AC-4039-A31A-C14B74AB78E2}.Debug|Any CPU.ActiveCfg = Debug|Any CPU
		{CAB5A404-40AC-4039-A31A-C14B74AB78E2}.Debug|Any CPU.Build.0 = Debug|Any CPU
		{CAB5A404-40AC-4039-A31A-C14B74AB78E2}.Release|Any CPU.ActiveCfg = Release|Any CPU
		{CAB5A404-40AC-4039-A31A-C14B74AB78E2}.Release|Any CPU.Build.0 = Release|Any CPU
		{CC749FDE-3551-4778-84A4-19ED5E7A4F0A}.Debug|Any CPU.ActiveCfg = Debug|Any CPU
		{CC749FDE-3551-4778-84A4-19ED5E7A4F0A}.Debug|Any CPU.Build.0 = Debug|Any CPU
		{CC749FDE-3551-4778-84A4-19ED5E7A4F0A}.Release|Any CPU.ActiveCfg = Release|Any CPU
		{CC749FDE-3551-4778-84A4-19ED5E7A4F0A}.Release|Any CPU.Build.0 = Release|Any CPU
	EndGlobalSection
	GlobalSection(SolutionProperties) = preSolution
		HideSolutionNode = FALSE
	EndGlobalSection
	GlobalSection(ExtensibilityGlobals) = postSolution
		SolutionGuid = {85130B59-99EC-448D-B8AA-0103D6A6E61E}
	EndGlobalSection
EndGlobal
